
Microsoft Visual Studio Solution File, Format Version 12.00
# Visual Studio Version 17
VisualStudioVersion = 17.1.32319.34
MinimumVisualStudioVersion = 10.0.40219.1
Project("{FAE04EC0-301F-11D3-BF4B-00C04F79EFBC}") = "AutomobileLibrary", "AutomobileLibrary\AutomobileLibrary.csproj", "{4181F320-A747-42E8-B283-DE95D32645E5}"
EndProject
Project("{FAE04EC0-301F-11D3-BF4B-00C04F79EFBC}") = "AutomobileWPFApp", "AutomobileWPFApp\AutomobileWPFApp.csproj", "{23CA1E4E-E9DC-483F-98A5-FFE1DA1F227A}"
EndProject
Global
	GlobalSection(SolutionConfigurationPlatforms) = preSolution
		Debug|Any CPU = Debug|Any CPU
		Release|Any CPU = Release|Any CPU
	EndGlobalSection
	GlobalSection(ProjectConfigurationPlatforms) = postSolution
		{4181F320-A747-42E8-B283-DE95D32645E5}.Debug|Any CPU.ActiveCfg = Debug|Any CPU
		{4181F320-A747-42E8-B283-DE95D32645E5}.Debug|Any CPU.Build.0 = Debug|Any CPU
		{4181F320-A747-42E8-B283-DE95D32645E5}.Release|Any CPU.ActiveCfg = Release|Any CPU
		{4181F320-A747-42E8-B283-DE95D32645E5}.Release|Any CPU.Build.0 = Release|Any CPU
		{23CA1E4E-E9DC-483F-98A5-FFE1DA1F227A}.Debug|Any CPU.ActiveCfg = Debug|Any CPU
		{23CA1E4E-E9DC-483F-98A5-FFE1DA1F227A}.Debug|Any CPU.Build.0 = Debug|Any CPU
		{23CA1E4E-E9DC-483F-98A5-FFE1DA1F227A}.Release|Any CPU.ActiveCfg = Release|Any CPU
		{23CA1E4E-E9DC-483F-98A5-FFE1DA1F227A}.Release|Any CPU.Build.0 = Release|Any CPU
	EndGlobalSection
	GlobalSection(SolutionProperties) = preSolution
		HideSolutionNode = FALSE
	EndGlobalSection
	GlobalSection(ExtensibilityGlobals) = postSolution
		SolutionGuid = {C69B3BF8-6DE2-4072-8BB7-A4F56CDE5B46}
	EndGlobalSection
EndGlobal
